
Microsoft Visual Studio Solution File, Format Version 12.00
# Visual Studio Version 17
VisualStudioVersion = 17.0.31903.59
MinimumVisualStudioVersion = 10.0.40219.1
Project("{2150E333-8FDC-42A3-9474-1A3956D46DE8}") = "src", "src", "{78BD98D2-7087-4130-AE53-826CEC01C6EF}"
EndProject
Project("{FAE04EC0-301F-11D3-BF4B-00C04F79EFBC}") = "Vido.Core", "src\Vido.Core\Vido.Core.csproj", "{1AB76C63-194C-46D4-A592-BBF8D03463AC}"
EndProject
Project("{FAE04EC0-301F-11D3-BF4B-00C04F79EFBC}") = "Vido.Services", "src\Vido.Services\Vido.Services.csproj", "{2BC62061-0A1B-4E0A-B03F-EDCEA13B8CBF}"
EndProject
Project("{FAE04EC0-301F-11D3-BF4B-00C04F79EFBC}") = "Vido.ViewModels", "src\Vido.ViewModels\Vido.ViewModels.csproj", "{771BF6B1-E3EB-4D68-AFE7-4BF49F358B23}"
EndProject
Project("{FAE04EC0-301F-11D3-BF4B-00C04F79EFBC}") = "Vido.Views", "src\Vido.Views\Vido.Views.csproj", "{48781DAC-3EA9-48A4-BC23-10FA991FA930}"
EndProject
Project("{FAE04EC0-301F-11D3-BF4B-00C04F79EFBC}") = "Vido.PluginHost", "src\Vido.PluginHost\Vido.PluginHost.csproj", "{99C03660-21F9-449B-8FEF-FB64E164DF81}"
EndProject
Project("{FAE04EC0-301F-11D3-BF4B-00C04F79EFBC}") = "Vido.App", "src\Vido.App\Vido.App.csproj", "{ADBD3727-7CA8-4CA9-A1ED-C080CE214D3A}"
EndProject
Project("{2150E333-8FDC-42A3-9474-1A3956D46DE8}") = "tests", "tests", "{57F59A94-4F15-41D7-B7B4-9C0B8151548E}"
EndProject
Project("{FAE04EC0-301F-11D3-BF4B-00C04F79EFBC}") = "Vido.Tests", "tests\Vido.Tests\Vido.Tests.csproj", "{321D783F-86F5-4184-9FBB-874C8A150E52}"
EndProject
Global
	GlobalSection(SolutionConfigurationPlatforms) = preSolution
		Debug|Any CPU = Debug|Any CPU
		Release|Any CPU = Release|Any CPU
	EndGlobalSection
	GlobalSection(SolutionProperties) = preSolution
		HideSolutionNode = FALSE
	EndGlobalSection
	GlobalSection(ProjectConfigurationPlatforms) = postSolution
		{1AB76C63-194C-46D4-A592-BBF8D03463AC}.Debug|Any CPU.ActiveCfg = Debug|Any CPU
		{1AB76C63-194C-46D4-A592-BBF8D03463AC}.Debug|Any CPU.Build.0 = Debug|Any CPU
		{1AB76C63-194C-46D4-A592-BBF8D03463AC}.Release|Any CPU.ActiveCfg = Release|Any CPU
		{1AB76C63-194C-46D4-A592-BBF8D03463AC}.Release|Any CPU.Build.0 = Release|Any CPU
		{2BC62061-0A1B-4E0A-B03F-EDCEA13B8CBF}.Debug|Any CPU.ActiveCfg = Debug|Any CPU
		{2BC62061-0A1B-4E0A-B03F-EDCEA13B8CBF}.Debug|Any CPU.Build.0 = Debug|Any CPU
		{2BC62061-0A1B-4E0A-B03F-EDCEA13B8CBF}.Release|Any CPU.ActiveCfg = Release|Any CPU
		{2BC62061-0A1B-4E0A-B03F-EDCEA13B8CBF}.Release|Any CPU.Build.0 = Release|Any CPU
		{771BF6B1-E3EB-4D68-AFE7-4BF49F358B23}.Debug|Any CPU.ActiveCfg = Debug|Any CPU
		{771BF6B1-E3EB-4D68-AFE7-4BF49F358B23}.Debug|Any CPU.Build.0 = Debug|Any CPU
		{771BF6B1-E3EB-4D68-AFE7-4BF49F358B23}.Release|Any CPU.ActiveCfg = Release|Any CPU
		{771BF6B1-E3EB-4D68-AFE7-4BF49F358B23}.Release|Any CPU.Build.0 = Release|Any CPU
		{48781DAC-3EA9-48A4-BC23-10FA991FA930}.Debug|Any CPU.ActiveCfg = Debug|Any CPU
		{48781DAC-3EA9-48A4-BC23-10FA991FA930}.Debug|Any CPU.Build.0 = Debug|Any CPU
		{48781DAC-3EA9-48A4-BC23-10FA991FA930}.Release|Any CPU.ActiveCfg = Release|Any CPU
		{48781DAC-3EA9-48A4-BC23-10FA991FA930}.Release|Any CPU.Build.0 = Release|Any CPU
		{99C03660-21F9-449B-8FEF-FB64E164DF81}.Debug|Any CPU.ActiveCfg = Debug|Any CPU
		{99C03660-21F9-449B-8FEF-FB64E164DF81}.Debug|Any CPU.Build.0 = Debug|Any CPU
		{99C03660-21F9-449B-8FEF-FB64E164DF81}.Release|Any CPU.ActiveCfg = Release|Any CPU
		{99C03660-21F9-449B-8FEF-FB64E164DF81}.Release|Any CPU.Build.0 = Release|Any CPU
		{ADBD3727-7CA8-4CA9-A1ED-C080CE214D3A}.Debug|Any CPU.ActiveCfg = Debug|Any CPU
		{ADBD3727-7CA8-4CA9-A1ED-C080CE214D3A}.Debug|Any CPU.Build.0 = Debug|Any CPU
		{ADBD3727-7CA8-4CA9-A1ED-C080CE214D3A}.Release|Any CPU.ActiveCfg = Release|Any CPU
		{ADBD3727-7CA8-4CA9-A1ED-C080CE214D3A}.Release|Any CPU.Build.0 = Release|Any CPU
		{321D783F-86F5-4184-9FBB-874C8A150E52}.Debug|Any CPU.ActiveCfg = Debug|Any CPU
		{321D783F-86F5-4184-9FBB-874C8A150E52}.Debug|Any CPU.Build.0 = Debug|Any CPU
		{321D783F-86F5-4184-9FBB-874C8A150E52}.Release|Any CPU.ActiveCfg = Release|Any CPU
		{321D783F-86F5-4184-9FBB-874C8A150E52}.Release|Any CPU.Build.0 = Release|Any CPU
	EndGlobalSection
	GlobalSection(NestedProjects) = preSolution
		{1AB76C63-194C-46D4-A592-BBF8D03463AC} = {78BD98D2-7087-4130-AE53-826CEC01C6EF}
		{2BC62061-0A1B-4E0A-B03F-EDCEA13B8CBF} = {78BD98D2-7087-4130-AE53-826CEC01C6EF}
		{771BF6B1-E3EB-4D68-AFE7-4BF49F358B23} = {78BD98D2-7087-4130-AE53-826CEC01C6EF}
		{48781DAC-3EA9-48A4-BC23-10FA991FA930} = {78BD98D2-7087-4130-AE53-826CEC01C6EF}
		{99C03660-21F9-449B-8FEF-FB64E164DF81} = {78BD98D2-7087-4130-AE53-826CEC01C6EF}
		{ADBD3727-7CA8-4CA9-A1ED-C080CE214D3A} = {78BD98D2-7087-4130-AE53-826CEC01C6EF}
		{321D783F-86F5-4184-9FBB-874C8A150E52} = {57F59A94-4F15-41D7-B7B4-9C0B8151548E}
	EndGlobalSection
EndGlobal
